
Microsoft Visual Studio Solution File, Format Version 12.00
# Visual Studio Version 17
VisualStudioVersion = 17.10.35013.160
MinimumVisualStudioVersion = 10.0.40219.1
Project("{FAE04EC0-301F-11D3-BF4B-00C04F79EFBC}") = "SeleniumAutomacao", "SeleniumAutomacao\SeleniumAutomacao.csproj", "{39DB0C4B-31E9-4D29-9DBC-A8761DCCD803}"
EndProject
Global
	GlobalSection(SolutionConfigurationPlatforms) = preSolution
		Debug|Any CPU = Debug|Any CPU
		Release|Any CPU = Release|Any CPU
	EndGlobalSection
	GlobalSection(ProjectConfigurationPlatforms) = postSolution
		{39DB0C4B-31E9-4D29-9DBC-A8761DCCD803}.Debug|Any CPU.ActiveCfg = Debug|Any CPU
		{39DB0C4B-31E9-4D29-9DBC-A8761DCCD803}.Debug|Any CPU.Build.0 = Debug|Any CPU
		{39DB0C4B-31E9-4D29-9DBC-A8761DCCD803}.Release|Any CPU.ActiveCfg = Release|Any CPU
		{39DB0C4B-31E9-4D29-9DBC-A8761DCCD803}.Release|Any CPU.Build.0 = Release|Any CPU
	EndGlobalSection
	GlobalSection(SolutionProperties) = preSolution
		HideSolutionNode = FALSE
	EndGlobalSection
	GlobalSection(ExtensibilityGlobals) = postSolution
		SolutionGuid = {61AAEEF9-063C-409B-B775-AACB0EE43059}
	EndGlobalSection
EndGlobal
