
Microsoft Visual Studio Solution File, Format Version 12.00
# Visual Studio Version 17
VisualStudioVersion = 17.10.35013.160
MinimumVisualStudioVersion = 10.0.40219.1
Project("{FAE04EC0-301F-11D3-BF4B-00C04F79EFBC}") = "ListaTreinamento1", "ListaTreinamento1\ListaTreinamento1.csproj", "{5EBFFECD-CB5B-4FC1-945B-999B38D3A4F9}"
EndProject
Global
	GlobalSection(SolutionConfigurationPlatforms) = preSolution
		Debug|Any CPU = Debug|Any CPU
		Release|Any CPU = Release|Any CPU
	EndGlobalSection
	GlobalSection(ProjectConfigurationPlatforms) = postSolution
		{5EBFFECD-CB5B-4FC1-945B-999B38D3A4F9}.Debug|Any CPU.ActiveCfg = Debug|Any CPU
		{5EBFFECD-CB5B-4FC1-945B-999B38D3A4F9}.Debug|Any CPU.Build.0 = Debug|Any CPU
		{5EBFFECD-CB5B-4FC1-945B-999B38D3A4F9}.Release|Any CPU.ActiveCfg = Release|Any CPU
		{5EBFFECD-CB5B-4FC1-945B-999B38D3A4F9}.Release|Any CPU.Build.0 = Release|Any CPU
	EndGlobalSection
	GlobalSection(SolutionProperties) = preSolution
		HideSolutionNode = FALSE
	EndGlobalSection
	GlobalSection(ExtensibilityGlobals) = postSolution
		SolutionGuid = {260A5B9C-79AC-49A7-AB7A-4D3E55A30899}
	EndGlobalSection
EndGlobal
