
Microsoft Visual Studio Solution File, Format Version 12.00
# Visual Studio Version 17
VisualStudioVersion = 17.10.35013.160
MinimumVisualStudioVersion = 10.0.40219.1
Project("{FAE04EC0-301F-11D3-BF4B-00C04F79EFBC}") = "Vetores1", "Vetores1\Vetores1.csproj", "{74AA3D0D-C054-42A5-B626-CDA89C450F58}"
EndProject
Global
	GlobalSection(SolutionConfigurationPlatforms) = preSolution
		Debug|Any CPU = Debug|Any CPU
		Release|Any CPU = Release|Any CPU
	EndGlobalSection
	GlobalSection(ProjectConfigurationPlatforms) = postSolution
		{74AA3D0D-C054-42A5-B626-CDA89C450F58}.Debug|Any CPU.ActiveCfg = Debug|Any CPU
		{74AA3D0D-C054-42A5-B626-CDA89C450F58}.Debug|Any CPU.Build.0 = Debug|Any CPU
		{74AA3D0D-C054-42A5-B626-CDA89C450F58}.Release|Any CPU.ActiveCfg = Release|Any CPU
		{74AA3D0D-C054-42A5-B626-CDA89C450F58}.Release|Any CPU.Build.0 = Release|Any CPU
	EndGlobalSection
	GlobalSection(SolutionProperties) = preSolution
		HideSolutionNode = FALSE
	EndGlobalSection
	GlobalSection(ExtensibilityGlobals) = postSolution
		SolutionGuid = {DE15BF62-E475-4443-A55A-6F510F2668C1}
	EndGlobalSection
EndGlobal
