
Microsoft Visual Studio Solution File, Format Version 12.00
# Visual Studio Version 17
VisualStudioVersion = 17.10.35013.160
MinimumVisualStudioVersion = 10.0.40219.1
Project("{FAE04EC0-301F-11D3-BF4B-00C04F79EFBC}") = "ExercicioFor", "ExercicioFor\ExercicioFor.csproj", "{C887529E-B06E-4814-A203-22890635E3F9}"
EndProject
Global
	GlobalSection(SolutionConfigurationPlatforms) = preSolution
		Debug|Any CPU = Debug|Any CPU
		Release|Any CPU = Release|Any CPU
	EndGlobalSection
	GlobalSection(ProjectConfigurationPlatforms) = postSolution
		{C887529E-B06E-4814-A203-22890635E3F9}.Debug|Any CPU.ActiveCfg = Debug|Any CPU
		{C887529E-B06E-4814-A203-22890635E3F9}.Debug|Any CPU.Build.0 = Debug|Any CPU
		{C887529E-B06E-4814-A203-22890635E3F9}.Release|Any CPU.ActiveCfg = Release|Any CPU
		{C887529E-B06E-4814-A203-22890635E3F9}.Release|Any CPU.Build.0 = Release|Any CPU
	EndGlobalSection
	GlobalSection(SolutionProperties) = preSolution
		HideSolutionNode = FALSE
	EndGlobalSection
	GlobalSection(ExtensibilityGlobals) = postSolution
		SolutionGuid = {D9ECF877-2B79-4685-8657-BE87627CE41D}
	EndGlobalSection
EndGlobal
