
Microsoft Visual Studio Solution File, Format Version 12.00
# Visual Studio Version 17
VisualStudioVersion = 17.10.35027.167
MinimumVisualStudioVersion = 10.0.40219.1
Project("{FAE04EC0-301F-11D3-BF4B-00C04F79EFBC}") = "Listas", "Listas\Listas.csproj", "{907924A3-642E-4E21-99D7-9D8C70167B72}"
EndProject
Global
	GlobalSection(SolutionConfigurationPlatforms) = preSolution
		Debug|Any CPU = Debug|Any CPU
		Release|Any CPU = Release|Any CPU
	EndGlobalSection
	GlobalSection(ProjectConfigurationPlatforms) = postSolution
		{907924A3-642E-4E21-99D7-9D8C70167B72}.Debug|Any CPU.ActiveCfg = Debug|Any CPU
		{907924A3-642E-4E21-99D7-9D8C70167B72}.Debug|Any CPU.Build.0 = Debug|Any CPU
		{907924A3-642E-4E21-99D7-9D8C70167B72}.Release|Any CPU.ActiveCfg = Release|Any CPU
		{907924A3-642E-4E21-99D7-9D8C70167B72}.Release|Any CPU.Build.0 = Release|Any CPU
	EndGlobalSection
	GlobalSection(SolutionProperties) = preSolution
		HideSolutionNode = FALSE
	EndGlobalSection
	GlobalSection(ExtensibilityGlobals) = postSolution
		SolutionGuid = {EBFCD45E-23D8-4E59-AC68-66DC78EC32EA}
	EndGlobalSection
EndGlobal
