
Microsoft Visual Studio Solution File, Format Version 12.00
# Visual Studio Version 17
VisualStudioVersion = 17.10.35013.160
MinimumVisualStudioVersion = 10.0.40219.1
Project("{FAE04EC0-301F-11D3-BF4B-00C04F79EFBC}") = "Vetor2", "Vetor2\Vetor2.csproj", "{0B90E843-5369-4E44-A634-6C6C4021EFB1}"
EndProject
Global
	GlobalSection(SolutionConfigurationPlatforms) = preSolution
		Debug|Any CPU = Debug|Any CPU
		Release|Any CPU = Release|Any CPU
	EndGlobalSection
	GlobalSection(ProjectConfigurationPlatforms) = postSolution
		{0B90E843-5369-4E44-A634-6C6C4021EFB1}.Debug|Any CPU.ActiveCfg = Debug|Any CPU
		{0B90E843-5369-4E44-A634-6C6C4021EFB1}.Debug|Any CPU.Build.0 = Debug|Any CPU
		{0B90E843-5369-4E44-A634-6C6C4021EFB1}.Release|Any CPU.ActiveCfg = Release|Any CPU
		{0B90E843-5369-4E44-A634-6C6C4021EFB1}.Release|Any CPU.Build.0 = Release|Any CPU
	EndGlobalSection
	GlobalSection(SolutionProperties) = preSolution
		HideSolutionNode = FALSE
	EndGlobalSection
	GlobalSection(ExtensibilityGlobals) = postSolution
		SolutionGuid = {CFEAC3C1-79AB-4199-854B-7CB6DCD0621E}
	EndGlobalSection
EndGlobal
