
Microsoft Visual Studio Solution File, Format Version 12.00
# Visual Studio Version 17
VisualStudioVersion = 17.10.35013.160
MinimumVisualStudioVersion = 10.0.40219.1
Project("{FAE04EC0-301F-11D3-BF4B-00C04F79EFBC}") = "ConvercaoImplicitaCasting", "ConvercaoImplicitaCasting\ConvercaoImplicitaCasting.csproj", "{4849BADA-6864-4348-ACDF-DCA41DFE060A}"
EndProject
Global
	GlobalSection(SolutionConfigurationPlatforms) = preSolution
		Debug|Any CPU = Debug|Any CPU
		Release|Any CPU = Release|Any CPU
	EndGlobalSection
	GlobalSection(ProjectConfigurationPlatforms) = postSolution
		{4849BADA-6864-4348-ACDF-DCA41DFE060A}.Debug|Any CPU.ActiveCfg = Debug|Any CPU
		{4849BADA-6864-4348-ACDF-DCA41DFE060A}.Debug|Any CPU.Build.0 = Debug|Any CPU
		{4849BADA-6864-4348-ACDF-DCA41DFE060A}.Release|Any CPU.ActiveCfg = Release|Any CPU
		{4849BADA-6864-4348-ACDF-DCA41DFE060A}.Release|Any CPU.Build.0 = Release|Any CPU
	EndGlobalSection
	GlobalSection(SolutionProperties) = preSolution
		HideSolutionNode = FALSE
	EndGlobalSection
	GlobalSection(ExtensibilityGlobals) = postSolution
		SolutionGuid = {4E906BBA-327F-445B-81C3-D92A273D71D9}
	EndGlobalSection
EndGlobal
