
Microsoft Visual Studio Solution File, Format Version 12.00
# Visual Studio Version 17
VisualStudioVersion = 17.10.35013.160
MinimumVisualStudioVersion = 10.0.40219.1
Project("{FAE04EC0-301F-11D3-BF4B-00C04F79EFBC}") = "ExercicioEntradaDados", "ExercicioEntradaDados\ExercicioEntradaDados.csproj", "{D9666719-E917-410C-B3A0-D885B823C94B}"
EndProject
Global
	GlobalSection(SolutionConfigurationPlatforms) = preSolution
		Debug|Any CPU = Debug|Any CPU
		Release|Any CPU = Release|Any CPU
	EndGlobalSection
	GlobalSection(ProjectConfigurationPlatforms) = postSolution
		{D9666719-E917-410C-B3A0-D885B823C94B}.Debug|Any CPU.ActiveCfg = Debug|Any CPU
		{D9666719-E917-410C-B3A0-D885B823C94B}.Debug|Any CPU.Build.0 = Debug|Any CPU
		{D9666719-E917-410C-B3A0-D885B823C94B}.Release|Any CPU.ActiveCfg = Release|Any CPU
		{D9666719-E917-410C-B3A0-D885B823C94B}.Release|Any CPU.Build.0 = Release|Any CPU
	EndGlobalSection
	GlobalSection(SolutionProperties) = preSolution
		HideSolutionNode = FALSE
	EndGlobalSection
	GlobalSection(ExtensibilityGlobals) = postSolution
		SolutionGuid = {E706515F-02DA-4375-B935-4C5695780371}
	EndGlobalSection
EndGlobal
