
Microsoft Visual Studio Solution File, Format Version 12.00
# Visual Studio Version 17
VisualStudioVersion = 17.10.35013.160
MinimumVisualStudioVersion = 10.0.40219.1
Project("{FAE04EC0-301F-11D3-BF4B-00C04F79EFBC}") = "ListaTreinamentoOrdenacaoObj", "ListaTreinamentoOrdenacaoObj\ListaTreinamentoOrdenacaoObj.csproj", "{E23A73E8-7B4E-4BA7-9E3C-E0C157B8B0E6}"
EndProject
Global
	GlobalSection(SolutionConfigurationPlatforms) = preSolution
		Debug|Any CPU = Debug|Any CPU
		Release|Any CPU = Release|Any CPU
	EndGlobalSection
	GlobalSection(ProjectConfigurationPlatforms) = postSolution
		{E23A73E8-7B4E-4BA7-9E3C-E0C157B8B0E6}.Debug|Any CPU.ActiveCfg = Debug|Any CPU
		{E23A73E8-7B4E-4BA7-9E3C-E0C157B8B0E6}.Debug|Any CPU.Build.0 = Debug|Any CPU
		{E23A73E8-7B4E-4BA7-9E3C-E0C157B8B0E6}.Release|Any CPU.ActiveCfg = Release|Any CPU
		{E23A73E8-7B4E-4BA7-9E3C-E0C157B8B0E6}.Release|Any CPU.Build.0 = Release|Any CPU
	EndGlobalSection
	GlobalSection(SolutionProperties) = preSolution
		HideSolutionNode = FALSE
	EndGlobalSection
	GlobalSection(ExtensibilityGlobals) = postSolution
		SolutionGuid = {92E3F2FE-28FE-41D4-964D-1BAC60CB49B1}
	EndGlobalSection
EndGlobal
